
Microsoft Visual Studio Solution File, Format Version 12.00
# Visual Studio 15
VisualStudioVersion = 15.0.28307.438
MinimumVisualStudioVersion = 10.0.40219.1
Project("{FAE04EC0-301F-11D3-BF4B-00C04F79EFBC}") = "WhatsAppUI.Android", "WhatsAppUI\WhatsAppUI.Android\WhatsAppUI.Android.csproj", "{68AB79CA-E861-4795-98B7-E5BFCDF1D376}"
EndProject
Project("{FAE04EC0-301F-11D3-BF4B-00C04F79EFBC}") = "WhatsAppUI.iOS", "WhatsAppUI\WhatsAppUI.iOS\WhatsAppUI.iOS.csproj", "{51AFC224-7549-4B23-9BF7-79165E9DACA9}"
EndProject
Project("{FAE04EC0-301F-11D3-BF4B-00C04F79EFBC}") = "WhatsAppUI", "WhatsAppUI\WhatsAppUI\WhatsAppUI.csproj", "{DA499F5D-3258-4601-943C-C79DAE0AF780}"
EndProject
Global
	GlobalSection(SolutionConfigurationPlatforms) = preSolution
		Ad-Hoc|Any CPU = Ad-Hoc|Any CPU
		Ad-Hoc|iPhone = Ad-Hoc|iPhone
		Ad-Hoc|iPhoneSimulator = Ad-Hoc|iPhoneSimulator
		AppStore|Any CPU = AppStore|Any CPU
		AppStore|iPhone = AppStore|iPhone
		AppStore|iPhoneSimulator = AppStore|iPhoneSimulator
		Debug|Any CPU = Debug|Any CPU
		Debug|iPhone = Debug|iPhone
		Debug|iPhoneSimulator = Debug|iPhoneSimulator
		Release|Any CPU = Release|Any CPU
		Release|iPhone = Release|iPhone
		Release|iPhoneSimulator = Release|iPhoneSimulator
	EndGlobalSection
	GlobalSection(ProjectConfigurationPlatforms) = postSolution
		{68AB79CA-E861-4795-98B7-E5BFCDF1D376}.Ad-Hoc|Any CPU.ActiveCfg = Release|Any CPU
		{68AB79CA-E861-4795-98B7-E5BFCDF1D376}.Ad-Hoc|Any CPU.Build.0 = Release|Any CPU
		{68AB79CA-E861-4795-98B7-E5BFCDF1D376}.Ad-Hoc|Any CPU.Deploy.0 = Release|Any CPU
		{68AB79CA-E861-4795-98B7-E5BFCDF1D376}.Ad-Hoc|iPhone.ActiveCfg = Release|Any CPU
		{68AB79CA-E861-4795-98B7-E5BFCDF1D376}.Ad-Hoc|iPhone.Build.0 = Release|Any CPU
		{68AB79CA-E861-4795-98B7-E5BFCDF1D376}.Ad-Hoc|iPhone.Deploy.0 = Release|Any CPU
		{68AB79CA-E861-4795-98B7-E5BFCDF1D376}.Ad-Hoc|iPhoneSimulator.ActiveCfg = Release|Any CPU
		{68AB79CA-E861-4795-98B7-E5BFCDF1D376}.Ad-Hoc|iPhoneSimulator.Build.0 = Release|Any CPU
		{68AB79CA-E861-4795-98B7-E5BFCDF1D376}.Ad-Hoc|iPhoneSimulator.Deploy.0 = Release|Any CPU
		{68AB79CA-E861-4795-98B7-E5BFCDF1D376}.AppStore|Any CPU.ActiveCfg = Release|Any CPU
		{68AB79CA-E861-4795-98B7-E5BFCDF1D376}.AppStore|Any CPU.Build.0 = Release|Any CPU
		{68AB79CA-E861-4795-98B7-E5BFCDF1D376}.AppStore|Any CPU.Deploy.0 = Release|Any CPU
		{68AB79CA-E861-4795-98B7-E5BFCDF1D376}.AppStore|iPhone.ActiveCfg = Release|Any CPU
		{68AB79CA-E861-4795-98B7-E5BFCDF1D376}.AppStore|iPhone.Build.0 = Release|Any CPU
		{68AB79CA-E861-4795-98B7-E5BFCDF1D376}.AppStore|iPhone.Deploy.0 = Release|Any CPU
		{68AB79CA-E861-4795-98B7-E5BFCDF1D376}.AppStore|iPhoneSimulator.ActiveCfg = Release|Any CPU
		{68AB79CA-E861-4795-98B7-E5BFCDF1D376}.AppStore|iPhoneSimulator.Build.0 = Release|Any CPU
		{68AB79CA-E861-4795-98B7-E5BFCDF1D376}.AppStore|iPhoneSimulator.Deploy.0 = Release|Any CPU
		{68AB79CA-E861-4795-98B7-E5BFCDF1D376}.Debug|Any CPU.ActiveCfg = Debug|Any CPU
		{68AB79CA-E861-4795-98B7-E5BFCDF1D376}.Debug|Any CPU.Build.0 = Debug|Any CPU
		{68AB79CA-E861-4795-98B7-E5BFCDF1D376}.Debug|Any CPU.Deploy.0 = Debug|Any CPU
		{68AB79CA-E861-4795-98B7-E5BFCDF1D376}.Debug|iPhone.ActiveCfg = Debug|Any CPU
		{68AB79CA-E861-4795-98B7-E5BFCDF1D376}.Debug|iPhone.Build.0 = Debug|Any CPU
		{68AB79CA-E861-4795-98B7-E5BFCDF1D376}.Debug|iPhone.Deploy.0 = Debug|Any CPU
		{68AB79CA-E861-4795-98B7-E5BFCDF1D376}.Debug|iPhoneSimulator.ActiveCfg = Debug|Any CPU
		{68AB79CA-E861-4795-98B7-E5BFCDF1D376}.Debug|iPhoneSimulator.Build.0 = Debug|Any CPU
		{68AB79CA-E861-4795-98B7-E5BFCDF1D376}.Debug|iPhoneSimulator.Deploy.0 = Debug|Any CPU
		{68AB79CA-E861-4795-98B7-E5BFCDF1D376}.Release|Any CPU.ActiveCfg = Release|Any CPU
		{68AB79CA-E861-4795-98B7-E5BFCDF1D376}.Release|Any CPU.Build.0 = Release|Any CPU
		{68AB79CA-E861-4795-98B7-E5BFCDF1D376}.Release|Any CPU.Deploy.0 = Release|Any CPU
		{68AB79CA-E861-4795-98B7-E5BFCDF1D376}.Release|iPhone.ActiveCfg = Release|Any CPU
		{68AB79CA-E861-4795-98B7-E5BFCDF1D376}.Release|iPhone.Build.0 = Release|Any CPU
		{68AB79CA-E861-4795-98B7-E5BFCDF1D376}.Release|iPhone.Deploy.0 = Release|Any CPU
		{68AB79CA-E861-4795-98B7-E5BFCDF1D376}.Release|iPhoneSimulator.ActiveCfg = Release|Any CPU
		{68AB79CA-E861-4795-98B7-E5BFCDF1D376}.Release|iPhoneSimulator.Build.0 = Release|Any CPU
		{68AB79CA-E861-4795-98B7-E5BFCDF1D376}.Release|iPhoneSimulator.Deploy.0 = Release|Any CPU
		{51AFC224-7549-4B23-9BF7-79165E9DACA9}.Ad-Hoc|Any CPU.ActiveCfg = Ad-Hoc|iPhone
		{51AFC224-7549-4B23-9BF7-79165E9DACA9}.Ad-Hoc|Any CPU.Build.0 = Ad-Hoc|iPhone
		{51AFC224-7549-4B23-9BF7-79165E9DACA9}.Ad-Hoc|Any CPU.Deploy.0 = Ad-Hoc|iPhone
		{51AFC224-7549-4B23-9BF7-79165E9DACA9}.Ad-Hoc|iPhone.ActiveCfg = Ad-Hoc|iPhone
		{51AFC224-7549-4B23-9BF7-79165E9DACA9}.Ad-Hoc|iPhone.Build.0 = Ad-Hoc|iPhone
		{51AFC224-7549-4B23-9BF7-79165E9DACA9}.Ad-Hoc|iPhone.Deploy.0 = Ad-Hoc|iPhone
		{51AFC224-7549-4B23-9BF7-79165E9DACA9}.Ad-Hoc|iPhoneSimulator.ActiveCfg = Ad-Hoc|iPhoneSimulator
		{51AFC224-7549-4B23-9BF7-79165E9DACA9}.Ad-Hoc|iPhoneSimulator.Build.0 = Ad-Hoc|iPhoneSimulator
		{51AFC224-7549-4B23-9BF7-79165E9DACA9}.Ad-Hoc|iPhoneSimulator.Deploy.0 = Ad-Hoc|iPhoneSimulator
		{51AFC224-7549-4B23-9BF7-79165E9DACA9}.AppStore|Any CPU.ActiveCfg = AppStore|iPhone
		{51AFC224-7549-4B23-9BF7-79165E9DACA9}.AppStore|Any CPU.Build.0 = AppStore|iPhone
		{51AFC224-7549-4B23-9BF7-79165E9DACA9}.AppStore|Any CPU.Deploy.0 = AppStore|iPhone
		{51AFC224-7549-4B23-9BF7-79165E9DACA9}.AppStore|iPhone.ActiveCfg = AppStore|iPhone
		{51AFC224-7549-4B23-9BF7-79165E9DACA9}.AppStore|iPhone.Build.0 = AppStore|iPhone
		{51AFC224-7549-4B23-9BF7-79165E9DACA9}.AppStore|iPhone.Deploy.0 = AppStore|iPhone
		{51AFC224-7549-4B23-9BF7-79165E9DACA9}.AppStore|iPhoneSimulator.ActiveCfg = AppStore|iPhoneSimulator
		{51AFC224-7549-4B23-9BF7-79165E9DACA9}.AppStore|iPhoneSimulator.Build.0 = AppStore|iPhoneSimulator
		{51AFC224-7549-4B23-9BF7-79165E9DACA9}.AppStore|iPhoneSimulator.Deploy.0 = AppStore|iPhoneSimulator
		{51AFC224-7549-4B23-9BF7-79165E9DACA9}.Debug|Any CPU.ActiveCfg = Debug|iPhoneSimulator
		{51AFC224-7549-4B23-9BF7-79165E9DACA9}.Debug|Any CPU.Build.0 = Debug|iPhoneSimulator
		{51AFC224-7549-4B23-9BF7-79165E9DACA9}.Debug|Any CPU.Deploy.0 = Debug|iPhoneSimulator
		{51AFC224-7549-4B23-9BF7-79165E9DACA9}.Debug|iPhone.ActiveCfg = Debug|iPhone
		{51AFC224-7549-4B23-9BF7-79165E9DACA9}.Debug|iPhone.Build.0 = Debug|iPhone
		{51AFC224-7549-4B23-9BF7-79165E9DACA9}.Debug|iPhone.Deploy.0 = Debug|iPhone
		{51AFC224-7549-4B23-9BF7-79165E9DACA9}.Debug|iPhoneSimulator.ActiveCfg = Debug|iPhoneSimulator
		{51AFC224-7549-4B23-9BF7-79165E9DACA9}.Debug|iPhoneSimulator.Build.0 = Debug|iPhoneSimulator
		{51AFC224-7549-4B23-9BF7-79165E9DACA9}.Debug|iPhoneSimulator.Deploy.0 = Debug|iPhoneSimulator
		{51AFC224-7549-4B23-9BF7-79165E9DACA9}.Release|Any CPU.ActiveCfg = Release|iPhone
		{51AFC224-7549-4B23-9BF7-79165E9DACA9}.Release|Any CPU.Build.0 = Release|iPhone
		{51AFC224-7549-4B23-9BF7-79165E9DACA9}.Release|Any CPU.Deploy.0 = Release|iPhone
		{51AFC224-7549-4B23-9BF7-79165E9DACA9}.Release|iPhone.ActiveCfg = Release|iPhone
		{51AFC224-7549-4B23-9BF7-79165E9DACA9}.Release|iPhone.Build.0 = Release|iPhone
		{51AFC224-7549-4B23-9BF7-79165E9DACA9}.Release|iPhone.Deploy.0 = Release|iPhone
		{51AFC224-7549-4B23-9BF7-79165E9DACA9}.Release|iPhoneSimulator.ActiveCfg = Release|iPhoneSimulator
		{51AFC224-7549-4B23-9BF7-79165E9DACA9}.Release|iPhoneSimulator.Build.0 = Release|iPhoneSimulator
		{51AFC224-7549-4B23-9BF7-79165E9DACA9}.Release|iPhoneSimulator.Deploy.0 = Release|iPhoneSimulator
		{DA499F5D-3258-4601-943C-C79DAE0AF780}.Ad-Hoc|Any CPU.ActiveCfg = Debug|Any CPU
		{DA499F5D-3258-4601-943C-C79DAE0AF780}.Ad-Hoc|Any CPU.Build.0 = Debug|Any CPU
		{DA499F5D-3258-4601-943C-C79DAE0AF780}.Ad-Hoc|Any CPU.Deploy.0 = Debug|Any CPU
		{DA499F5D-3258-4601-943C-C79DAE0AF780}.Ad-Hoc|iPhone.ActiveCfg = Debug|Any CPU
		{DA499F5D-3258-4601-943C-C79DAE0AF780}.Ad-Hoc|iPhone.Build.0 = Debug|Any CPU
		{DA499F5D-3258-4601-943C-C79DAE0AF780}.Ad-Hoc|iPhone.Deploy.0 = Debug|Any CPU
		{DA499F5D-3258-4601-943C-C79DAE0AF780}.Ad-Hoc|iPhoneSimulator.ActiveCfg = Debug|Any CPU
		{DA499F5D-3258-4601-943C-C79DAE0AF780}.Ad-Hoc|iPhoneSimulator.Build.0 = Debug|Any CPU
		{DA499F5D-3258-4601-943C-C79DAE0AF780}.Ad-Hoc|iPhoneSimulator.Deploy.0 = Debug|Any CPU
		{DA499F5D-3258-4601-943C-C79DAE0AF780}.AppStore|Any CPU.ActiveCfg = Debug|Any CPU
		{DA499F5D-3258-4601-943C-C79DAE0AF780}.AppStore|Any CPU.Build.0 = Debug|Any CPU
		{DA499F5D-3258-4601-943C-C79DAE0AF780}.AppStore|Any CPU.Deploy.0 = Debug|Any CPU
		{DA499F5D-3258-4601-943C-C79DAE0AF780}.AppStore|iPhone.ActiveCfg = Debug|Any CPU
		{DA499F5D-3258-4601-943C-C79DAE0AF780}.AppStore|iPhone.Build.0 = Debug|Any CPU
		{DA499F5D-3258-4601-943C-C79DAE0AF780}.AppStore|iPhone.Deploy.0 = Debug|Any CPU
		{DA499F5D-3258-4601-943C-C79DAE0AF780}.AppStore|iPhoneSimulator.ActiveCfg = Debug|Any CPU
		{DA499F5D-3258-4601-943C-C79DAE0AF780}.AppStore|iPhoneSimulator.Build.0 = Debug|Any CPU
		{DA499F5D-3258-4601-943C-C79DAE0AF780}.AppStore|iPhoneSimulator.Deploy.0 = Debug|Any CPU
		{DA499F5D-3258-4601-943C-C79DAE0AF780}.Debug|Any CPU.ActiveCfg = Debug|Any CPU
		{DA499F5D-3258-4601-943C-C79DAE0AF780}.Debug|Any CPU.Build.0 = Debug|Any CPU
		{DA499F5D-3258-4601-943C-C79DAE0AF780}.Debug|Any CPU.Deploy.0 = Debug|Any CPU
		{DA499F5D-3258-4601-943C-C79DAE0AF780}.Debug|iPhone.ActiveCfg = Debug|Any CPU
		{DA499F5D-3258-4601-943C-C79DAE0AF780}.Debug|iPhone.Build.0 = Debug|Any CPU
		{DA499F5D-3258-4601-943C-C79DAE0AF780}.Debug|iPhone.Deploy.0 = Debug|Any CPU
		{DA499F5D-3258-4601-943C-C79DAE0AF780}.Debug|iPhoneSimulator.ActiveCfg = Debug|Any CPU
		{DA499F5D-3258-4601-943C-C79DAE0AF780}.Debug|iPhoneSimulator.Build.0 = Debug|Any CPU
		{DA499F5D-3258-4601-943C-C79DAE0AF780}.Debug|iPhoneSimulator.Deploy.0 = Debug|Any CPU
		{DA499F5D-3258-4601-943C-C79DAE0AF780}.Release|Any CPU.ActiveCfg = Release|Any CPU
		{DA499F5D-3258-4601-943C-C79DAE0AF780}.Release|Any CPU.Build.0 = Release|Any CPU
		{DA499F5D-3258-4601-943C-C79DAE0AF780}.Release|Any CPU.Deploy.0 = Release|Any CPU
		{DA499F5D-3258-4601-943C-C79DAE0AF780}.Release|iPhone.ActiveCfg = Release|Any CPU
		{DA499F5D-3258-4601-943C-C79DAE0AF780}.Release|iPhone.Build.0 = Release|Any CPU
		{DA499F5D-3258-4601-943C-C79DAE0AF780}.Release|iPhone.Deploy.0 = Release|Any CPU
		{DA499F5D-3258-4601-943C-C79DAE0AF780}.Release|iPhoneSimulator.ActiveCfg = Release|Any CPU
		{DA499F5D-3258-4601-943C-C79DAE0AF780}.Release|iPhoneSimulator.Build.0 = Release|Any CPU
		{DA499F5D-3258-4601-943C-C79DAE0AF780}.Release|iPhoneSimulator.Deploy.0 = Release|Any CPU
	EndGlobalSection
	GlobalSection(SolutionProperties) = preSolution
		HideSolutionNode = FALSE
	EndGlobalSection
	GlobalSection(ExtensibilityGlobals) = postSolution
		SolutionGuid = {193CDBA0-7D3A-41BE-BBA1-8D1B9820D206}
	EndGlobalSection
EndGlobal
